{
    "_readme": [
        "This file locks the dependencies of your project to a known state",
        "Read more about it at https://getcomposer.org/doc/01-basic-usage.md#installing-dependencies",
        "This file is @generated automatically"
    ],
    "content-hash": "48d610c34919a17ecdd9615049542101",
    "packages": [
        {
            "name": "spip/aide",
            "version": "dev-master",
            "source": {
                "type": "git",
                "url": "https://github.com/spipremix/aide.git",
                "reference": "2e9b6f743a3b92c79ae92f03e17e8f8b6503848b"
            },
            "dist": {
                "type": "zip",
                "url": "https://api.github.com/repos/spipremix/aide/zipball/2e9b6f743a3b92c79ae92f03e17e8f8b6503848b",
                "reference": "2e9b6f743a3b92c79ae92f03e17e8f8b6503848b",
                "shasum": ""
            },
            "type": "spip-plugin",
            "notification-url": "https://packagist.org/downloads/",
            "license": [
                "GPL-3.0-or-later"
            ],
            "authors": [
                {
                    "name": "Collectif SPIP",
                    "email": "spip-dev@rezo.net"
                }
            ],
            "description": "Aide en ligne de SPIP",
            "time": "2019-05-01T17:01:31+00:00"
        },
        {
            "name": "spip/archiviste",
            "version": "dev-master",
            "source": {
                "type": "git",
                "url": "https://github.com/spipremix/archiviste.git",
                "reference": "fafe5225a043c6c479efa1700094fd22f61c11ac"
            },
            "dist": {
                "type": "zip",
                "url": "https://api.github.com/repos/spipremix/archiviste/zipball/fafe5225a043c6c479efa1700094fd22f61c11ac",
                "reference": "fafe5225a043c6c479efa1700094fd22f61c11ac",
                "shasum": ""
            },
            "type": "spip-plugin",
            "notification-url": "https://packagist.org/downloads/",
            "license": [
                "GPL-3.0-or-later"
            ],
            "authors": [
                {
                    "name": "Collectif SPIP",
                    "email": "spip-dev@rezo.net"
                }
            ],
            "description": "Archiviste",
            "time": "2019-04-14T20:40:36+00:00"
        },
        {
            "name": "spip/breves",
            "version": "dev-master",
            "source": {
                "type": "git",
                "url": "https://github.com/spipremix/breves.git",
                "reference": "cff6ff9929c49411e6f17cc61585231a497f3d17"
            },
            "dist": {
                "type": "zip",
                "url": "https://api.github.com/repos/spipremix/breves/zipball/cff6ff9929c49411e6f17cc61585231a497f3d17",
                "reference": "cff6ff9929c49411e6f17cc61585231a497f3d17",
                "shasum": ""
            },
            "type": "spip-plugin",
            "notification-url": "https://packagist.org/downloads/",
            "license": [
                "GPL-3.0-or-later"
            ],
            "authors": [
                {
                    "name": "Collectif SPIP",
                    "email": "spip-dev@rezo.net"
                }
            ],
            "description": "Brèves",
            "time": "2019-04-14T19:13:46+00:00"
        },
        {
            "name": "spip/cms",
            "version": "dev-master",
            "source": {
                "type": "git",
                "url": "https://github.com/spipremix/cms.git",
                "reference": "7902a1dd8de5bb1da9d5c373b26c9e04b2a7e3dd"
            },
            "dist": {
                "type": "zip",
                "url": "https://api.github.com/repos/spipremix/cms/zipball/7902a1dd8de5bb1da9d5c373b26c9e04b2a7e3dd",
                "reference": "7902a1dd8de5bb1da9d5c373b26c9e04b2a7e3dd",
                "shasum": ""
            },
            "require": {
                "spip/ecrire": "@dev",
                "spip/prive": "@dev"
            },
            "type": "metapackage",
            "extra": {
                "branch-alias": {
                    "dev-master": "3.3.x-dev"
                }
            },
            "notification-url": "https://packagist.org/downloads/",
            "license": [
                "GPL-3.0-or-later"
            ],
            "authors": [
                {
                    "name": "Arnaud Martin",
                    "email": "arno@rezo.net"
                },
                {
                    "name": "Antoine Pitrou",
                    "email": "antoine@pitrou.net"
                },
                {
                    "name": "Philippe Rivière",
                    "email": "fil@rezo.net"
                },
                {
                    "name": "Emmanuel Saint-James",
                    "email": "esj@rezo.net"
                }
            ],
            "time": "2019-04-07T11:00:40+00:00"
        },
        {
            "name": "spip/compagnon",
            "version": "dev-master",
            "source": {
                "type": "git",
                "url": "https://github.com/spipremix/compagnon.git",
                "reference": "9d39956f2513af7ff1b904e3ec7f52cefe02b502"
            },
            "dist": {
                "type": "zip",
                "url": "https://api.github.com/repos/spipremix/compagnon/zipball/9d39956f2513af7ff1b904e3ec7f52cefe02b502",
                "reference": "9d39956f2513af7ff1b904e3ec7f52cefe02b502",
                "shasum": ""
            },
            "type": "spip-plugin",
            "notification-url": "https://packagist.org/downloads/",
            "license": [
                "GPL-3.0-or-later"
            ],
            "authors": [
                {
                    "name": "Collectif SPIP",
                    "email": "spip-dev@rezo.net"
                }
            ],
            "description": "Compagnon",
            "time": "2019-04-30T19:53:16+00:00"
        },
        {
            "name": "spip/composer-installer",
            "version": "0.3.0",
            "source": {
                "type": "git",
                "url": "https://github.com/spipremix/composer-installer.git",
                "reference": "a617ae8287f02052f61d9289570b341faa1a9166"
            },
            "dist": {
                "type": "zip",
                "url": "https://api.github.com/repos/spipremix/composer-installer/zipball/a617ae8287f02052f61d9289570b341faa1a9166",
                "reference": "a617ae8287f02052f61d9289570b341faa1a9166",
                "shasum": ""
            },
            "require": {
                "composer-plugin-api": "^1.0",
                "php": "^5.3|^7"
            },
            "require-dev": {
                "composer/composer": "^1.6",
                "phpunit/phpunit": "^4.8"
            },
            "type": "composer-plugin",
            "extra": {
                "class": "Spip\\Composer\\SpipInstallerPlugin"
            },
            "autoload": {
                "psr-4": {
                    "Spip\\Composer\\": "src/"
                }
            },
            "notification-url": "https://packagist.org/downloads/",
            "license": [
                "MIT"
            ],
            "authors": [
                {
                    "name": "James Hautot",
                    "email": "james@rezo.net"
                }
            ],
            "description": "SPIP Composer Installer Plugin",
            "time": "2019-05-01T16:36:19+00:00"
        },
        {
            "name": "spip/compresseur",
            "version": "dev-master",
            "source": {
                "type": "git",
                "url": "https://github.com/spipremix/compresseur.git",
                "reference": "599ab6ea3b03e3ded0f1ce00a9f1b989f4cbc5f6"
            },
            "dist": {
                "type": "zip",
                "url": "https://api.github.com/repos/spipremix/compresseur/zipball/599ab6ea3b03e3ded0f1ce00a9f1b989f4cbc5f6",
                "reference": "599ab6ea3b03e3ded0f1ce00a9f1b989f4cbc5f6",
                "shasum": ""
            },
            "type": "spip-plugin",
            "notification-url": "https://packagist.org/downloads/",
            "license": [
                "GPL-3.0-or-later"
            ],
            "authors": [
                {
                    "name": "Collectif SPIP",
                    "email": "spip-dev@rezo.net"
                }
            ],
            "description": "Compression des css et javascript",
            "time": "2019-04-30T20:33:20+00:00"
        },
        {
            "name": "spip/dist",
            "version": "dev-master",
            "source": {
                "type": "git",
                "url": "https://github.com/spipremix/dist.git",
                "reference": "268c2688350863d64a32d7c78a5d19770feb5810"
            },
            "dist": {
                "type": "zip",
                "url": "https://api.github.com/repos/spipremix/dist/zipball/268c2688350863d64a32d7c78a5d19770feb5810",
                "reference": "268c2688350863d64a32d7c78a5d19770feb5810",
                "shasum": ""
            },
            "require": {
                "spip/breves": "dev-master",
                "spip/forum": "dev-master",
                "spip/medias": "^2.22@dev",
                "spip/sites": "dev-master"
            },
            "type": "spip-plugin",
            "extra": {
                "branch-alias": {
                    "dev-master": "3.3.x-dev"
                }
            },
            "notification-url": "https://packagist.org/downloads/",
            "license": [
                "GPL-3.0-or-later"
            ],
            "authors": [
                {
                    "name": "Collectif SPIP",
                    "email": "spip-dev@rezo.net"
                }
            ],
            "description": "Squelettes par défaut de SPIP Classic",
            "time": "2019-05-01T09:18:33+00:00"
        },
        {
            "name": "spip/dump",
            "version": "dev-master",
            "source": {
                "type": "git",
                "url": "https://github.com/spipremix/dump.git",
                "reference": "c0109f004df779edb1529fbe3e92ffc2399639d2"
            },
            "dist": {
                "type": "zip",
                "url": "https://api.github.com/repos/spipremix/dump/zipball/c0109f004df779edb1529fbe3e92ffc2399639d2",
                "reference": "c0109f004df779edb1529fbe3e92ffc2399639d2",
                "shasum": ""
            },
            "type": "spip-plugin",
            "notification-url": "https://packagist.org/downloads/",
            "license": [
                "GPL-3.0-or-later"
            ],
            "authors": [
                {
                    "name": "Collectif SPIP",
                    "email": "spip-dev@rezo.net"
                }
            ],
            "description": "Sauvegarde et restauration de la base SPIP",
            "time": "2019-04-30T21:17:13+00:00"
        },
        {
            "name": "spip/ecrire",
            "version": "dev-master",
            "source": {
                "type": "git",
                "url": "https://github.com/spipremix/ecrire.git",
                "reference": "4860b0c872f30b8acb50e5b75ec527d359006997"
            },
            "dist": {
                "type": "zip",
                "url": "https://api.github.com/repos/spipremix/ecrire/zipball/4860b0c872f30b8acb50e5b75ec527d359006997",
                "reference": "4860b0c872f30b8acb50e5b75ec527d359006997",
                "shasum": ""
            },
            "type": "spip-ecrire",
            "extra": {
                "branch-alias": {
                    "dev-master": "3.3.x-dev"
                }
            },
            "notification-url": "https://packagist.org/downloads/",
            "license": [
                "GPL-3.0-or-later"
            ],
            "authors": [
                {
                    "name": "Arnaud Martin",
                    "email": "arno@rezo.net"
                },
                {
                    "name": "Antoine Pitrou",
                    "email": "antoine@pitrou.net"
                },
                {
                    "name": "Philippe Rivière",
                    "email": "fil@rezo.net"
                },
                {
                    "name": "Emmanuel Saint-James",
                    "email": "esj@rezo.net"
                }
            ],
            "time": "2019-02-06T18:41:24+00:00"
        },
        {
            "name": "spip/forum",
            "version": "dev-master",
            "source": {
                "type": "git",
                "url": "https://github.com/spipremix/forum.git",
                "reference": "48f63479db789162cbcd3f47d7499f832b0678fd"
            },
            "dist": {
                "type": "zip",
                "url": "https://api.github.com/repos/spipremix/forum/zipball/48f63479db789162cbcd3f47d7499f832b0678fd",
                "reference": "48f63479db789162cbcd3f47d7499f832b0678fd",
                "shasum": ""
            },
            "type": "spip-plugin",
            "notification-url": "https://packagist.org/downloads/",
            "license": [
                "GPL-3.0-or-later"
            ],
            "authors": [
                {
                    "name": "Collectif SPIP",
                    "email": "spip-dev@rezo.net"
                }
            ],
            "description": "Forum",
            "time": "2019-04-14T22:47:11+00:00"
        },
        {
            "name": "spip/images",
            "version": "dev-master",
            "source": {
                "type": "git",
                "url": "https://github.com/spipremix/images.git",
                "reference": "f0aa3648436facc876dd2630b412d6e23c7d0762"
            },
            "dist": {
                "type": "zip",
                "url": "https://api.github.com/repos/spipremix/images/zipball/f0aa3648436facc876dd2630b412d6e23c7d0762",
                "reference": "f0aa3648436facc876dd2630b412d6e23c7d0762",
                "shasum": ""
            },
            "type": "spip-plugin",
            "notification-url": "https://packagist.org/downloads/",
            "license": [
                "GPL-3.0-or-later"
            ],
            "authors": [
                {
                    "name": "Collectif SPIP",
                    "email": "spip-dev@rezo.net"
                }
            ],
            "description": "Filtres de transformation d'image et de couleurs",
            "time": "2019-04-30T17:28:21+00:00"
        },
        {
            "name": "spip/jqueryui",
            "version": "dev-master",
            "source": {
                "type": "git",
                "url": "https://github.com/spipremix/jqueryui.git",
                "reference": "25f34452bedc9308dc07c58405ec65c94c4d8e3b"
            },
            "dist": {
                "type": "zip",
                "url": "https://api.github.com/repos/spipremix/jqueryui/zipball/25f34452bedc9308dc07c58405ec65c94c4d8e3b",
                "reference": "25f34452bedc9308dc07c58405ec65c94c4d8e3b",
                "shasum": ""
            },
            "type": "spip-plugin",
            "notification-url": "https://packagist.org/downloads/",
            "license": [
                "GPL-3.0-or-later"
            ],
            "authors": [
                {
                    "name": "Collectif SPIP",
                    "email": "spip-dev@rezo.net"
                }
            ],
            "description": "jQuery UI",
            "time": "2019-04-29T08:35:39+00:00"
        },
        {
            "name": "spip/mediabox",
            "version": "dev-master",
            "source": {
                "type": "git",
                "url": "https://github.com/spipremix/mediabox.git",
                "reference": "88ab415f6bd64b264f3dfcc9f45cefc61145be14"
            },
            "dist": {
                "type": "zip",
                "url": "https://api.github.com/repos/spipremix/mediabox/zipball/88ab415f6bd64b264f3dfcc9f45cefc61145be14",
                "reference": "88ab415f6bd64b264f3dfcc9f45cefc61145be14",
                "shasum": ""
            },
            "type": "spip-plugin",
            "notification-url": "https://packagist.org/downloads/",
            "license": [
                "GPL-3.0-or-later"
            ],
            "authors": [
                {
                    "name": "Collectif SPIP",
                    "email": "spip-dev@rezo.net"
                }
            ],
            "description": "MediaBox",
            "time": "2019-04-15T21:52:32+00:00"
        },
        {
            "name": "spip/medias",
            "version": "dev-master",
            "source": {
                "type": "git",
                "url": "https://github.com/spipremix/medias.git",
                "reference": "e0513be57f351f1abe1af289444f4630e9309252"
            },
            "dist": {
                "type": "zip",
                "url": "https://api.github.com/repos/spipremix/medias/zipball/e0513be57f351f1abe1af289444f4630e9309252",
                "reference": "e0513be57f351f1abe1af289444f4630e9309252",
                "shasum": ""
            },
            "require": {
                "spip/archiviste": "dev-master"
            },
            "type": "spip-plugin",
            "extra": {
                "branch-alias": {
                    "dev-master": "2.22.x-dev"
                }
            },
            "notification-url": "https://packagist.org/downloads/",
            "license": [
                "GPL-3.0-or-later"
            ],
            "authors": [
                {
                    "name": "Collectif SPIP",
                    "email": "spip-dev@rezo.net"
                }
            ],
            "description": "Gestion des medias dans SPIP",
            "time": "2019-05-01T08:29:44+00:00"
        },
        {
            "name": "spip/mots",
            "version": "dev-master",
            "source": {
                "type": "git",
                "url": "https://github.com/spipremix/mots.git",
                "reference": "6510c90eb1e84cee69a5e9865d988742f8de4c2c"
            },
            "dist": {
                "type": "zip",
                "url": "https://api.github.com/repos/spipremix/mots/zipball/6510c90eb1e84cee69a5e9865d988742f8de4c2c",
                "reference": "6510c90eb1e84cee69a5e9865d988742f8de4c2c",
                "shasum": ""
            },
            "type": "spip-plugin",
            "notification-url": "https://packagist.org/downloads/",
            "license": [
                "GPL-3.0-or-later"
            ],
            "authors": [
                {
                    "name": "Collectif SPIP",
                    "email": "spip-dev@rezo.net"
                }
            ],
            "description": "Gestion des mots et groupes de mots dans SPIP",
            "time": "2019-04-30T16:21:27+00:00"
        },
        {
            "name": "spip/organiseur",
            "version": "dev-master",
            "source": {
                "type": "git",
                "url": "https://github.com/spipremix/organiseur.git",
                "reference": "4585bed14b0022e585973c90bb8383591249ca93"
            },
            "dist": {
                "type": "zip",
                "url": "https://api.github.com/repos/spipremix/organiseur/zipball/4585bed14b0022e585973c90bb8383591249ca93",
                "reference": "4585bed14b0022e585973c90bb8383591249ca93",
                "shasum": ""
            },
            "type": "spip-plugin",
            "notification-url": "https://packagist.org/downloads/",
            "license": [
                "GPL-3.0-or-later"
            ],
            "authors": [
                {
                    "name": "Collectif SPIP",
                    "email": "spip-dev@rezo.net"
                }
            ],
            "description": "Organiseur",
            "time": "2019-04-15T21:35:38+00:00"
        },
        {
            "name": "spip/petitions",
            "version": "dev-master",
            "source": {
                "type": "git",
                "url": "https://github.com/spipremix/petitions.git",
                "reference": "5dfcc475eae2f37fcc4806051bade6514dec3087"
            },
            "dist": {
                "type": "zip",
                "url": "https://api.github.com/repos/spipremix/petitions/zipball/5dfcc475eae2f37fcc4806051bade6514dec3087",
                "reference": "5dfcc475eae2f37fcc4806051bade6514dec3087",
                "shasum": ""
            },
            "type": "spip-plugin",
            "notification-url": "https://packagist.org/downloads/",
            "license": [
                "GPL-3.0-or-later"
            ],
            "authors": [
                {
                    "name": "Collectif SPIP",
                    "email": "spip-dev@rezo.net"
                }
            ],
            "description": "Gestion des pétitions dans SPIP",
            "time": "2019-04-30T21:53:53+00:00"
        },
        {
            "name": "spip/plan",
            "version": "dev-master",
            "source": {
                "type": "git",
                "url": "https://github.com/spipremix/plan.git",
                "reference": "742ae73b58609c61d8b2d237b6d62a29a7196258"
            },
            "dist": {
                "type": "zip",
                "url": "https://api.github.com/repos/spipremix/plan/zipball/742ae73b58609c61d8b2d237b6d62a29a7196258",
                "reference": "742ae73b58609c61d8b2d237b6d62a29a7196258",
                "shasum": ""
            },
            "type": "spip-plugin",
            "notification-url": "https://packagist.org/downloads/",
            "license": [
                "GPL-3.0-or-later"
            ],
            "authors": [
                {
                    "name": "Matthieu Marcillaud",
                    "email": "marcimat@rezo.net"
                }
            ],
            "description": "Plan du site dans l’espace privé",
            "time": "2019-04-29T14:06:10+00:00"
        },
        {
            "name": "spip/porte-plume",
            "version": "dev-master",
            "source": {
                "type": "git",
                "url": "https://github.com/spipremix/porte-plume.git",
                "reference": "8b54cf558c8ae94eee9f293fb51fb145abdefbf3"
            },
            "dist": {
                "type": "zip",
                "url": "https://api.github.com/repos/spipremix/porte-plume/zipball/8b54cf558c8ae94eee9f293fb51fb145abdefbf3",
                "reference": "8b54cf558c8ae94eee9f293fb51fb145abdefbf3",
                "shasum": ""
            },
            "type": "spip-plugin",
            "notification-url": "https://packagist.org/downloads/",
            "license": [
                "GPL-3.0-or-later"
            ],
            "authors": [
                {
                    "name": "Collectif SPIP",
                    "email": "spip-dev@rezo.net"
                }
            ],
            "description": "Une barre d'outil pour bien écrire",
            "time": "2019-04-30T22:04:16+00:00"
        },
        {
            "name": "spip/prive",
            "version": "dev-master",
            "source": {
                "type": "git",
                "url": "https://github.com/spipremix/prive.git",
                "reference": "ceb860994d3b3485abaa7b0e9c4d62af6444f395"
            },
            "dist": {
                "type": "zip",
                "url": "https://api.github.com/repos/spipremix/prive/zipball/ceb860994d3b3485abaa7b0e9c4d62af6444f395",
                "reference": "ceb860994d3b3485abaa7b0e9c4d62af6444f395",
                "shasum": ""
            },
            "type": "spip-prive",
            "extra": {
                "branch-alias": {
                    "dev-master": "3.3.x-dev"
                }
            },
            "notification-url": "https://packagist.org/downloads/",
            "license": [
                "GPL-3.0-or-later"
            ],
            "authors": [
                {
                    "name": "Arnaud Martin",
                    "email": "arno@rezo.net"
                },
                {
                    "name": "Antoine Pitrou",
                    "email": "antoine@pitrou.net"
                },
                {
                    "name": "Philippe Rivière",
                    "email": "fil@rezo.net"
                },
                {
                    "name": "Emmanuel Saint-James",
                    "email": "esj@rezo.net"
                }
            ],
            "time": "2019-02-06T18:30:24+00:00"
        },
        {
            "name": "spip/revisions",
            "version": "dev-master",
            "source": {
                "type": "git",
                "url": "https://github.com/spipremix/revisions.git",
                "reference": "30f8e2f3de00e4b526e6fc9ccdd5d745383a5234"
            },
            "dist": {
                "type": "zip",
                "url": "https://api.github.com/repos/spipremix/revisions/zipball/30f8e2f3de00e4b526e6fc9ccdd5d745383a5234",
                "reference": "30f8e2f3de00e4b526e6fc9ccdd5d745383a5234",
                "shasum": ""
            },
            "type": "spip-plugin",
            "notification-url": "https://packagist.org/downloads/",
            "license": [
                "GPL-3.0-or-later"
            ],
            "authors": [
                {
                    "name": "Collectif SPIP",
                    "email": "spip-dev@rezo.net"
                }
            ],
            "description": "Suivi des modifications des objets éditoriaux",
            "time": "2019-04-30T22:28:16+00:00"
        },
        {
            "name": "spip/safehtml",
            "version": "dev-master",
            "source": {
                "type": "git",
                "url": "https://github.com/spipremix/safehtml.git",
                "reference": "217ff537d5ab0874da265008e09cdcf03493bd0f"
            },
            "dist": {
                "type": "zip",
                "url": "https://api.github.com/repos/spipremix/safehtml/zipball/217ff537d5ab0874da265008e09cdcf03493bd0f",
                "reference": "217ff537d5ab0874da265008e09cdcf03493bd0f",
                "shasum": ""
            },
            "type": "spip-plugin",
            "notification-url": "https://packagist.org/downloads/",
            "license": [
                "GPL-3.0-or-later"
            ],
            "authors": [
                {
                    "name": "Collectif SPIP",
                    "email": "spip-dev@rezo.net"
                }
            ],
            "description": "Protection des forums contre le cross-site scripting",
            "time": "2019-04-30T21:35:25+00:00"
        },
        {
            "name": "spip/security",
            "version": "dev-master",
            "source": {
                "type": "git",
                "url": "https://github.com/spipremix/security.git",
                "reference": "c7def7a3da3895e06eefbbf69754dcf8e004fbc5"
            },
            "dist": {
                "type": "zip",
                "url": "https://api.github.com/repos/spipremix/security/zipball/c7def7a3da3895e06eefbbf69754dcf8e004fbc5",
                "reference": "c7def7a3da3895e06eefbbf69754dcf8e004fbc5",
                "shasum": ""
            },
            "type": "library",
            "autoload": {
                "files": [
                    "ecran_securite.php"
                ]
            },
            "notification-url": "https://packagist.org/downloads/",
            "license": [
                "MIT"
            ],
            "authors": [
                {
                    "name": "Collectif SPIP",
                    "email": "spip-dev@rezo.net"
                }
            ],
            "description": "Protection du site par blocage de certaines attaques",
            "time": "2019-04-13T12:29:41+00:00"
        },
        {
            "name": "spip/sites",
            "version": "dev-master",
            "source": {
                "type": "git",
                "url": "https://github.com/spipremix/sites.git",
                "reference": "3afbfc3af3c3f9a423e02ee39676313c20d23c0c"
            },
            "dist": {
                "type": "zip",
                "url": "https://api.github.com/repos/spipremix/sites/zipball/3afbfc3af3c3f9a423e02ee39676313c20d23c0c",
                "reference": "3afbfc3af3c3f9a423e02ee39676313c20d23c0c",
                "shasum": ""
            },
            "type": "spip-plugin",
            "notification-url": "https://packagist.org/downloads/",
            "license": [
                "GPL-3.0-or-later"
            ],
            "authors": [
                {
                    "name": "Collectif SPIP",
                    "email": "spip-dev@rezo.net"
                }
            ],
            "description": "Sites",
            "time": "2019-04-15T22:52:44+00:00"
        },
        {
            "name": "spip/squelettes-par-rubrique",
            "version": "dev-master",
            "source": {
                "type": "git",
                "url": "https://github.com/spipremix/squelettes-par-rubrique.git",
                "reference": "2afe57e0c90a2521798c97bba2aa1ebdb5a8c0eb"
            },
            "dist": {
                "type": "zip",
                "url": "https://api.github.com/repos/spipremix/squelettes-par-rubrique/zipball/2afe57e0c90a2521798c97bba2aa1ebdb5a8c0eb",
                "reference": "2afe57e0c90a2521798c97bba2aa1ebdb5a8c0eb",
                "shasum": ""
            },
            "type": "spip-plugin",
            "notification-url": "https://packagist.org/downloads/",
            "license": [
                "GPL-3.0-or-later"
            ],
            "authors": [
                {
                    "name": "Collectif SPIP",
                    "email": "spip-dev@rezo.net"
                }
            ],
            "description": "Squelettes par Rubrique",
            "time": "2019-04-29T08:19:51+00:00"
        },
        {
            "name": "spip/stats",
            "version": "dev-master",
            "source": {
                "type": "git",
                "url": "https://github.com/spipremix/stats.git",
                "reference": "fd12bf7c5058edfe08ab8205f869fce99b9c87b2"
            },
            "dist": {
                "type": "zip",
                "url": "https://api.github.com/repos/spipremix/stats/zipball/fd12bf7c5058edfe08ab8205f869fce99b9c87b2",
                "reference": "fd12bf7c5058edfe08ab8205f869fce99b9c87b2",
                "shasum": ""
            },
            "type": "spip-plugin",
            "notification-url": "https://packagist.org/downloads/",
            "license": [
                "GPL-3.0-or-later"
            ],
            "authors": [
                {
                    "name": "Collectif SPIP",
                    "email": "spip-dev@rezo.net"
                }
            ],
            "description": "Gestion des statistiques dans SPIP",
            "time": "2019-04-30T22:44:08+00:00"
        },
        {
            "name": "spip/svp",
            "version": "dev-master",
            "source": {
                "type": "git",
                "url": "https://github.com/spipremix/svp.git",
                "reference": "a1add2680dd946a58e39a7c8c11f44e9b61385cb"
            },
            "dist": {
                "type": "zip",
                "url": "https://api.github.com/repos/spipremix/svp/zipball/a1add2680dd946a58e39a7c8c11f44e9b61385cb",
                "reference": "a1add2680dd946a58e39a7c8c11f44e9b61385cb",
                "shasum": ""
            },
            "require": {
                "spip/archiviste": "dev-master"
            },
            "type": "spip-plugin",
            "extra": {
                "branch-alias": {
                    "dev-master": "1.6.x-dev"
                }
            },
            "notification-url": "https://packagist.org/downloads/",
            "license": [
                "GPL-3.0-or-later"
            ],
            "authors": [
                {
                    "name": "Collectif SPIP",
                    "email": "spip-dev@rezo.net"
                }
            ],
            "description": "SerVeur d'information et de téléchargement des Plugins",
            "time": "2019-05-01T08:51:28+00:00"
        },
        {
            "name": "spip/tw",
            "version": "dev-master",
            "source": {
                "type": "git",
                "url": "https://github.com/spipremix/tw.git",
                "reference": "c89df19654cb145dee85d9339796767c4588b082"
            },
            "dist": {
                "type": "zip",
                "url": "https://api.github.com/repos/spipremix/tw/zipball/c89df19654cb145dee85d9339796767c4588b082",
                "reference": "c89df19654cb145dee85d9339796767c4588b082",
                "shasum": ""
            },
            "type": "spip-plugin",
            "notification-url": "https://packagist.org/downloads/",
            "license": [
                "GPL-3.0-or-later"
            ],
            "authors": [
                {
                    "name": "Collectif SPIP",
                    "email": "spip-dev@rezo.net"
                }
            ],
            "description": "Gestion de la typographie SPIP avec TextWheel",
            "time": "2019-05-01T17:24:26+00:00"
        },
        {
            "name": "spip/urls",
            "version": "dev-master",
            "source": {
                "type": "git",
                "url": "https://github.com/spipremix/urls.git",
                "reference": "b59ca5fa5b13cab4315e0817f571293a80be8ca1"
            },
            "dist": {
                "type": "zip",
                "url": "https://api.github.com/repos/spipremix/urls/zipball/b59ca5fa5b13cab4315e0817f571293a80be8ca1",
                "reference": "b59ca5fa5b13cab4315e0817f571293a80be8ca1",
                "shasum": ""
            },
            "type": "spip-plugin",
            "notification-url": "https://packagist.org/downloads/",
            "license": [
                "GPL-3.0-or-later"
            ],
            "authors": [
                {
                    "name": "Collectif SPIP",
                    "email": "spip-dev@rezo.net"
                }
            ],
            "description": "Urls Etendues",
            "time": "2019-04-30T16:07:13+00:00"
        },
        {
            "name": "spip/vertebres",
            "version": "dev-master",
            "source": {
                "type": "git",
                "url": "https://github.com/spipremix/vertebres.git",
                "reference": "7620f776f2da535ac2ab18d8b3e03209409c6ef4"
            },
            "dist": {
                "type": "zip",
                "url": "https://api.github.com/repos/spipremix/vertebres/zipball/7620f776f2da535ac2ab18d8b3e03209409c6ef4",
                "reference": "7620f776f2da535ac2ab18d8b3e03209409c6ef4",
                "shasum": ""
            },
            "type": "spip-plugin",
            "notification-url": "https://packagist.org/downloads/",
            "license": [
                "GPL-3.0-or-later"
            ],
            "authors": [
                {
                    "name": "Collectif SPIP",
                    "email": "spip-dev@rezo.net"
                }
            ],
            "description": "Lecteur de tables SQL",
            "time": "2019-05-01T01:29:47+00:00"
        }
    ],
    "packages-dev": [],
    "aliases": [],
    "minimum-stability": "dev",
    "stability-flags": {
        "spip/cms": 20,
        "spip/mots": 20,
        "spip/organiseur": 20,
        "spip/images": 20,
        "spip/dist": 20,
        "spip/aide": 20,
        "spip/compagnon": 20,
        "spip/compresseur": 20,
        "spip/dump": 20,
        "spip/jqueryui": 20,
        "spip/mediabox": 20,
        "spip/petitions": 20,
        "spip/plan": 20,
        "spip/porte-plume": 20,
        "spip/revisions": 20,
        "spip/safehtml": 20,
        "spip/squelettes-par-rubrique": 20,
        "spip/stats": 20,
        "spip/svp": 20,
        "spip/tw": 20,
        "spip/urls": 20,
        "spip/vertebres": 20
    },
    "prefer-stable": false,
    "prefer-lowest": false,
    "platform": {
        "php": "^5.4|^7"
    },
    "platform-dev": [],
    "platform-overrides": {
        "php": "5.4.45"
    }
}
