{
    "_readme": [
        "This file locks the dependencies of your project to a known state",
        "Read more about it at https://getcomposer.org/doc/01-basic-usage.md#installing-dependencies",
        "This file is @generated automatically"
    ],
    "content-hash": "65f3ab77aa1b209d39c2285ddc9e507b",
    "packages": [
        {
            "name": "spip/archiviste",
            "version": "0.3.0",
            "source": {
                "type": "git",
                "url": "https://git-spip.lerebooteux.fr/spip/archiviste.git",
                "reference": "ff65866e764ffefd3103aab68e31cbfffa60a1ab"
            },
            "dist": {
                "type": "zip",
                "url": "https://composer-spip.lerebooteux.fr/files/spip/archiviste/spip-archiviste-0.3.0-6639ef.zip",
                "reference": "ff65866e764ffefd3103aab68e31cbfffa60a1ab",
                "shasum": "aa33d13f9547d1dab17be70e7f393a522162799b"
            },
            "type": "spip-plugin",
            "license": [
                "GPL3.0"
            ],
            "authors": [
                {
                    "name": "Collectif SPIP",
                    "email": "spip-dev@rezo.net"
                }
            ],
            "description": "Gérer des archives de fichiers Zip, Tar, ...",
            "time": "2018-05-05T07:28:34+00:00"
        },
        {
            "name": "spip/breves",
            "version": "1.5.1",
            "source": {
                "type": "git",
                "url": "https://git-spip.lerebooteux.fr/spip/breves.git",
                "reference": "4ab0f541fe2b518d6904d3471aa9fc0502b487e7"
            },
            "dist": {
                "type": "zip",
                "url": "https://composer-spip.lerebooteux.fr/files/spip/breves/spip-breves-1.5.1-f3fa65.zip",
                "reference": "4ab0f541fe2b518d6904d3471aa9fc0502b487e7",
                "shasum": "4b8123dbcc9fdf58db8dd9de989f177eae46d5f1"
            },
            "type": "spip-plugin",
            "license": [
                "MIT"
            ],
            "authors": [
                {
                    "name": "Collectif SPIP",
                    "email": "spip-dev@rezo.net"
                }
            ],
            "description": "Gestion des brèves dans SPIP",
            "time": "2018-05-03T10:12:58+00:00"
        },
        {
            "name": "spip/cms",
            "version": "3.3.0",
            "source": {
                "type": "git",
                "url": "https://git-spip.lerebooteux.fr/spip/cms.git",
                "reference": "153ab57243c2a59b05f125176d9ebf3cec04d786"
            },
            "require": {
                "spip/ecrire": "^3.3",
                "spip/prive": "^3.3"
            },
            "type": "metapackage",
            "license": [
                "GPL-3.0-or-later"
            ],
            "authors": [
                {
                    "name": "Arnaud Martin",
                    "email": "arno@rezo.net"
                },
                {
                    "name": "Antoine Pitrou",
                    "email": "antoine@pitrou.net"
                },
                {
                    "name": "Philippe Rivière",
                    "email": "fil@rezo.net"
                },
                {
                    "name": "Emmanuel Saint-James",
                    "email": "esj@rezo.net"
                }
            ],
            "time": "2018-05-03T14:27:19+00:00"
        },
        {
            "name": "spip/composer-installer",
            "version": "0.2",
            "source": {
                "type": "git",
                "url": "https://git-spip.lerebooteux.fr/spip/composer-installer.git",
                "reference": "78633d6205b481a495917f785d5393efc19cd75d"
            },
            "dist": {
                "type": "zip",
                "url": "https://composer-spip.lerebooteux.fr/files/spip/composer-installer/spip-composer-installer-0.2-fadda7.zip",
                "reference": "78633d6205b481a495917f785d5393efc19cd75d",
                "shasum": "525ee6a3ca91bbf04bb80393d7b6c1552f6f0b7f"
            },
            "require": {
                "composer-plugin-api": "^1.0",
                "php": "^5.3|^7"
            },
            "require-dev": {
                "composer/composer": "^1.6",
                "phpunit/phpunit": "^4.8"
            },
            "type": "composer-plugin",
            "extra": {
                "class": "Spip\\Composer\\SpipInstallerPlugin"
            },
            "autoload": {
                "psr-4": {
                    "Spip\\Composer\\": "src/"
                }
            },
            "autoload-dev": {
                "psr-4": {
                    "Spip\\Test\\Composer\\": "tests/"
                }
            },
            "license": [
                "MIT"
            ],
            "authors": [
                {
                    "name": "James Hautot",
                    "email": "james@rezo.net"
                }
            ],
            "description": "SPIP Composer Installer Plugin",
            "time": "2018-05-02T14:29:29+00:00"
        },
        {
            "name": "spip/dist",
            "version": "3.3.1",
            "source": {
                "type": "git",
                "url": "https://git-spip.lerebooteux.fr/spip/dist.git",
                "reference": "aeb627cbe2776de8033bb8b81167f6ecef2a01d8"
            },
            "dist": {
                "type": "zip",
                "url": "https://composer-spip.lerebooteux.fr/files/spip/dist/spip-dist-3.3.1-05d0f4.zip",
                "reference": "aeb627cbe2776de8033bb8b81167f6ecef2a01d8",
                "shasum": "afd22af570b615f0f8e92b9b87a8203cc52172a3"
            },
            "require": {
                "spip/breves": "^1.5",
                "spip/forum": "^1.12",
                "spip/medias": "^2.21",
                "spip/sites": "^2.0"
            },
            "type": "spip-plugin",
            "license": [
                "GPL3"
            ],
            "authors": [
                {
                    "name": "Collectif SPIP",
                    "email": "spip-dev@rezo.net"
                }
            ],
            "description": "Squelettes par défaut de SPIP Classic",
            "time": "2018-05-06T07:59:50+00:00"
        },
        {
            "name": "spip/ecrire",
            "version": "3.3.0",
            "source": {
                "type": "git",
                "url": "https://git-spip.lerebooteux.fr/spip/ecrire.git",
                "reference": "ca1c016b0b1797a3635dbb8fddbd14c5c12daa83"
            },
            "dist": {
                "type": "zip",
                "url": "https://composer-spip.lerebooteux.fr/files/spip/ecrire/spip-ecrire-3.3.0-15fb7a.zip",
                "reference": "ca1c016b0b1797a3635dbb8fddbd14c5c12daa83",
                "shasum": "17181d1f6e52bd9b3143d61574470abda93c5dda"
            },
            "type": "spip-ecrire",
            "license": [
                "GPL-3.0-or-later"
            ],
            "authors": [
                {
                    "name": "Arnaud Martin",
                    "email": "arno@rezo.net"
                },
                {
                    "name": "Antoine Pitrou",
                    "email": "antoine@pitrou.net"
                },
                {
                    "name": "Philippe Rivière",
                    "email": "fil@rezo.net"
                },
                {
                    "name": "Emmanuel Saint-James",
                    "email": "esj@rezo.net"
                }
            ],
            "time": "2018-05-03T13:24:38+00:00"
        },
        {
            "name": "spip/filtres_images",
            "version": "2.1.1",
            "source": {
                "type": "git",
                "url": "https://git-spip.lerebooteux.fr/spip/filtres_images.git",
                "reference": "af79e8ab808a0651aea03e43aa89cf528aea0a11"
            },
            "dist": {
                "type": "zip",
                "url": "https://composer-spip.lerebooteux.fr/files/spip/filtres_images/spip-filtres_images-2.1.1-625ec7.zip",
                "reference": "af79e8ab808a0651aea03e43aa89cf528aea0a11",
                "shasum": "d6340367059367b37b78897a7dcc8e0e43c57211"
            },
            "type": "spip-plugin",
            "license": [
                "GPL3"
            ],
            "authors": [
                {
                    "name": "Collectif SPIP",
                    "email": "spip-dev@rezo.net"
                }
            ],
            "description": "Filtres de transformation d'image et de couleurs",
            "time": "2018-04-30T14:21:08+00:00"
        },
        {
            "name": "spip/forum",
            "version": "1.12.1",
            "source": {
                "type": "git",
                "url": "https://git-spip.lerebooteux.fr/spip/forum.git",
                "reference": "ce2ee7ae1c720712b7286e0c40e0384e4e2ed0c0"
            },
            "dist": {
                "type": "zip",
                "url": "https://composer-spip.lerebooteux.fr/files/spip/forum/spip-forum-1.12.1-2c1714.zip",
                "reference": "ce2ee7ae1c720712b7286e0c40e0384e4e2ed0c0",
                "shasum": "9dfada35eaebe8daaaafbf19f43f445217847af9"
            },
            "type": "spip-plugin",
            "license": [
                "MIT"
            ],
            "authors": [
                {
                    "name": "Collectif SPIP",
                    "email": "spip-dev@rezo.net"
                }
            ],
            "description": "Gestion des forums privés et publics dans SPIP",
            "time": "2018-05-05T07:10:29+00:00"
        },
        {
            "name": "spip/medias",
            "version": "2.21.12",
            "source": {
                "type": "git",
                "url": "https://git-spip.lerebooteux.fr/spip/medias.git",
                "reference": "59ca74d1bc7d92907fe216dd3538e6fc1f55df7b"
            },
            "dist": {
                "type": "zip",
                "url": "https://composer-spip.lerebooteux.fr/files/spip/medias/spip-medias-2.21.12-86d48d.zip",
                "reference": "59ca74d1bc7d92907fe216dd3538e6fc1f55df7b",
                "shasum": "3e88c6dfe8c41b5b1a2f1c1324b35feef029ab31"
            },
            "require": {
                "spip/archiviste": "^0.3.0"
            },
            "type": "spip-plugin",
            "license": [
                "MIT"
            ],
            "authors": [
                {
                    "name": "Collectif SPIP",
                    "email": "spip-dev@rezo.net"
                }
            ],
            "description": "Gestion des medias dans SPIP",
            "time": "2018-05-06T07:58:17+00:00"
        },
        {
            "name": "spip/mots",
            "version": "2.9.0",
            "source": {
                "type": "git",
                "url": "https://git-spip.lerebooteux.fr/spip/mots.git",
                "reference": "b64512323d8242217ca35ae600f302cf9e476918"
            },
            "dist": {
                "type": "zip",
                "url": "https://composer-spip.lerebooteux.fr/files/spip/mots/spip-mots-2.9.0-c1d3df.zip",
                "reference": "b64512323d8242217ca35ae600f302cf9e476918",
                "shasum": "a899ee717c23bcb375e7fc210168fe3b4114ba0b"
            },
            "type": "spip-plugin",
            "license": [
                "GPL3"
            ],
            "authors": [
                {
                    "name": "Collectif SPIP",
                    "email": "spip-dev@rezo.net"
                }
            ],
            "description": "Gestion des mots et groupes de mots",
            "time": "2018-04-30T14:21:08+00:00"
        },
        {
            "name": "spip/organiseur",
            "version": "1.3.1",
            "source": {
                "type": "git",
                "url": "https://git-spip.lerebooteux.fr/spip/organiseur.git",
                "reference": "323186d9218917155ab83c245cc5f24a3034f89e"
            },
            "dist": {
                "type": "zip",
                "url": "https://composer-spip.lerebooteux.fr/files/spip/organiseur/spip-organiseur-1.3.1-9a6c23.zip",
                "reference": "323186d9218917155ab83c245cc5f24a3034f89e",
                "shasum": "9a9a58aeec74f932ac80b26c837cf4004dd13fa0"
            },
            "type": "spip-plugin",
            "license": [
                "GPL3"
            ],
            "authors": [
                {
                    "name": "Collectif SPIP",
                    "email": "spip-dev@rezo.net"
                }
            ],
            "description": "Outils de travail éditorial en groupe",
            "time": "2018-04-30T14:21:08+00:00"
        },
        {
            "name": "spip/prive",
            "version": "3.3.0",
            "source": {
                "type": "git",
                "url": "https://git-spip.lerebooteux.fr/spip/prive.git",
                "reference": "f2d7b3ad9f391661a9d528472194dd7a4ec73c91"
            },
            "dist": {
                "type": "zip",
                "url": "https://composer-spip.lerebooteux.fr/files/spip/prive/spip-prive-3.3.0-0a0afc.zip",
                "reference": "f2d7b3ad9f391661a9d528472194dd7a4ec73c91",
                "shasum": "933f0a95f45fa34d5f246f5f2caa4ceb6d09fad4"
            },
            "type": "spip-prive",
            "license": [
                "GPL-3.0-or-later"
            ],
            "authors": [
                {
                    "name": "JamesRezo",
                    "email": "james@rezo.net"
                }
            ],
            "time": "2018-05-02T14:01:55+00:00"
        },
        {
            "name": "spip/sites",
            "version": "2.0.0",
            "source": {
                "type": "git",
                "url": "https://git-spip.lerebooteux.fr/spip/sites.git",
                "reference": "2c44c34de92bc10b8fcd4480a101e45b9246fcfe"
            },
            "dist": {
                "type": "zip",
                "url": "https://composer-spip.lerebooteux.fr/files/spip/sites/spip-sites-2.0.0-d44184.zip",
                "reference": "2c44c34de92bc10b8fcd4480a101e45b9246fcfe",
                "shasum": "45164901562bc6f09cb76785c96269a36b130fb0"
            },
            "type": "spip-plugin",
            "license": [
                "MIT"
            ],
            "authors": [
                {
                    "name": "Collectif SPIP",
                    "email": "spip-dev@rezo.net"
                }
            ],
            "description": "Gestion des sites et de la syndication dans SPIP",
            "time": "2018-05-03T12:53:59+00:00"
        }
    ],
    "packages-dev": [],
    "aliases": [],
    "minimum-stability": "stable",
    "stability-flags": [],
    "prefer-stable": false,
    "prefer-lowest": false,
    "platform": {
        "php": "^5.4|^7"
    },
    "platform-dev": [],
    "platform-overrides": {
        "php": "5.4.45"
    }
}
