{
    "_readme": [
        "This file locks the dependencies of your project to a known state",
        "Read more about it at https://getcomposer.org/doc/01-basic-usage.md#installing-dependencies",
        "This file is @generated automatically"
    ],
    "content-hash": "88e8fd5ec53d38d643803128dc82bee9",
    "packages": [
        {
            "name": "spip/breves",
            "version": "dev-master",
            "source": {
                "type": "git",
                "url": "https://git-spip.lerebooteux.fr/spip/breves.git",
                "reference": "4ab0f541fe2b518d6904d3471aa9fc0502b487e7"
            },
            "dist": {
                "type": "zip",
                "url": "https://composer-spip.lerebooteux.fr/files/spip/breves/spip-breves-dev-master-f3fa65.zip",
                "reference": "4ab0f541fe2b518d6904d3471aa9fc0502b487e7",
                "shasum": "f26583b887bfd9e511ea47d842561fc91f102213"
            },
            "type": "spip-plugin",
            "license": [
                "MIT"
            ],
            "authors": [
                {
                    "name": "Collectif SPIP",
                    "email": "spip-dev@rezo.net"
                }
            ],
            "description": "Gestion des brèves dans SPIP",
            "time": "2018-05-03T10:12:58+00:00"
        },
        {
            "name": "spip/cms",
            "version": "dev-master",
            "source": {
                "type": "git",
                "url": "https://git-spip.lerebooteux.fr/spip/cms.git",
                "reference": "7849f11f34a22c114f4723ea9b3588f93efdad3c"
            },
            "require": {
                "spip/ecrire": "dev-master",
                "spip/prive": "dev-master"
            },
            "type": "metapackage",
            "license": [
                "GPL-3.0-or-later"
            ],
            "authors": [
                {
                    "name": "Arnaud Martin",
                    "email": "arno@rezo.net"
                },
                {
                    "name": "Antoine Pitrou",
                    "email": "antoine@pitrou.net"
                },
                {
                    "name": "Philippe Rivière",
                    "email": "fil@rezo.net"
                },
                {
                    "name": "Emmanuel Saint-James",
                    "email": "esj@rezo.net"
                }
            ],
            "time": "2018-05-02T14:07:17+00:00"
        },
        {
            "name": "spip/composer-installer",
            "version": "0.2",
            "source": {
                "type": "git",
                "url": "https://git-spip.lerebooteux.fr/spip/composer-installer.git",
                "reference": "78633d6205b481a495917f785d5393efc19cd75d"
            },
            "dist": {
                "type": "zip",
                "url": "https://composer-spip.lerebooteux.fr/files/spip/composer-installer/spip-composer-installer-0.2-fadda7.zip",
                "reference": "78633d6205b481a495917f785d5393efc19cd75d",
                "shasum": "525ee6a3ca91bbf04bb80393d7b6c1552f6f0b7f"
            },
            "require": {
                "composer-plugin-api": "^1.0",
                "php": "^5.3|^7"
            },
            "require-dev": {
                "composer/composer": "^1.6",
                "phpunit/phpunit": "^4.8"
            },
            "type": "composer-plugin",
            "extra": {
                "class": "Spip\\Composer\\SpipInstallerPlugin"
            },
            "autoload": {
                "psr-4": {
                    "Spip\\Composer\\": "src/"
                }
            },
            "autoload-dev": {
                "psr-4": {
                    "Spip\\Test\\Composer\\": "tests/"
                }
            },
            "license": [
                "MIT"
            ],
            "authors": [
                {
                    "name": "James Hautot",
                    "email": "james@rezo.net"
                }
            ],
            "description": "SPIP Composer Installer Plugin",
            "time": "2018-05-02T14:29:29+00:00"
        },
        {
            "name": "spip/dist",
            "version": "3.2.x-dev",
            "source": {
                "type": "git",
                "url": "https://git-spip.lerebooteux.fr/spip/dist.git",
                "reference": "cf2eb8ba99589b29227d22122af205298122e607"
            },
            "dist": {
                "type": "zip",
                "url": "https://composer-spip.lerebooteux.fr/files/spip/dist/spip-dist-3.2.x-dev-9f80bd.zip",
                "reference": "cf2eb8ba99589b29227d22122af205298122e607",
                "shasum": "4c9fe438c1f8d8e85e3e8188435094d5842cd44d"
            },
            "require": {
                "spip/breves": "dev-master"
            },
            "type": "spip-plugin",
            "license": [
                "GPL3"
            ],
            "authors": [
                {
                    "name": "Collectif SPIP",
                    "email": "spip-dev@rezo.net"
                }
            ],
            "description": "Squelettes par défaut de SPIP Classic",
            "time": "2018-05-03T10:15:51+00:00"
        },
        {
            "name": "spip/ecrire",
            "version": "dev-master",
            "source": {
                "type": "git",
                "url": "https://git-spip.lerebooteux.fr/spip/ecrire.git",
                "reference": "37c37bf950edbf41e24251846917d448935813cd"
            },
            "dist": {
                "type": "zip",
                "url": "https://composer-spip.lerebooteux.fr/files/spip/ecrire/spip-ecrire-dev-master-360add.zip",
                "reference": "37c37bf950edbf41e24251846917d448935813cd",
                "shasum": "60372a67079a55fcc4fed8af8310ce82097173f1"
            },
            "type": "spip-ecrire",
            "license": [
                "GPL-3.0-or-later"
            ],
            "authors": [
                {
                    "name": "Arnaud Martin",
                    "email": "arno@rezo.net"
                },
                {
                    "name": "Antoine Pitrou",
                    "email": "antoine@pitrou.net"
                },
                {
                    "name": "Philippe Rivière",
                    "email": "fil@rezo.net"
                },
                {
                    "name": "Emmanuel Saint-James",
                    "email": "esj@rezo.net"
                }
            ],
            "time": "2018-05-02T13:59:06+00:00"
        },
        {
            "name": "spip/filtres_images",
            "version": "2.1.x-dev",
            "source": {
                "type": "git",
                "url": "https://git-spip.lerebooteux.fr/spip/filtres_images.git",
                "reference": "af79e8ab808a0651aea03e43aa89cf528aea0a11"
            },
            "dist": {
                "type": "zip",
                "url": "https://composer-spip.lerebooteux.fr/files/spip/filtres_images/spip-filtres_images-2.1.x-dev-625ec7.zip",
                "reference": "af79e8ab808a0651aea03e43aa89cf528aea0a11",
                "shasum": "d6340367059367b37b78897a7dcc8e0e43c57211"
            },
            "type": "spip-plugin",
            "license": [
                "GPL3"
            ],
            "authors": [
                {
                    "name": "Collectif SPIP",
                    "email": "spip-dev@rezo.net"
                }
            ],
            "description": "Filtres de transformation d'image et de couleurs",
            "time": "2018-04-30T14:21:08+00:00"
        },
        {
            "name": "spip/mots",
            "version": "2.9.x-dev",
            "source": {
                "type": "git",
                "url": "https://git-spip.lerebooteux.fr/spip/mots.git",
                "reference": "b64512323d8242217ca35ae600f302cf9e476918"
            },
            "dist": {
                "type": "zip",
                "url": "https://composer-spip.lerebooteux.fr/files/spip/mots/spip-mots-2.9.x-dev-c1d3df.zip",
                "reference": "b64512323d8242217ca35ae600f302cf9e476918",
                "shasum": "a899ee717c23bcb375e7fc210168fe3b4114ba0b"
            },
            "type": "spip-plugin",
            "license": [
                "GPL3"
            ],
            "authors": [
                {
                    "name": "Collectif SPIP",
                    "email": "spip-dev@rezo.net"
                }
            ],
            "description": "Gestion des mots et groupes de mots",
            "time": "2018-04-30T14:21:08+00:00"
        },
        {
            "name": "spip/organiseur",
            "version": "1.3.x-dev",
            "source": {
                "type": "git",
                "url": "https://git-spip.lerebooteux.fr/spip/organiseur.git",
                "reference": "323186d9218917155ab83c245cc5f24a3034f89e"
            },
            "dist": {
                "type": "zip",
                "url": "https://composer-spip.lerebooteux.fr/files/spip/organiseur/spip-organiseur-1.3.x-dev-9a6c23.zip",
                "reference": "323186d9218917155ab83c245cc5f24a3034f89e",
                "shasum": "c35696f50c934df20302e6795d9b12f90536cce5"
            },
            "type": "spip-plugin",
            "license": [
                "GPL3"
            ],
            "authors": [
                {
                    "name": "Collectif SPIP",
                    "email": "spip-dev@rezo.net"
                }
            ],
            "description": "Outils de travail éditorial en groupe",
            "time": "2018-04-30T14:21:08+00:00"
        },
        {
            "name": "spip/prive",
            "version": "dev-master",
            "source": {
                "type": "git",
                "url": "https://git-spip.lerebooteux.fr/spip/prive.git",
                "reference": "f2d7b3ad9f391661a9d528472194dd7a4ec73c91"
            },
            "dist": {
                "type": "zip",
                "url": "https://composer-spip.lerebooteux.fr/files/spip/prive/spip-prive-dev-master-0a0afc.zip",
                "reference": "f2d7b3ad9f391661a9d528472194dd7a4ec73c91",
                "shasum": "263e826114ff6f3f1af2ec7835b87c256a306c06"
            },
            "type": "spip-prive",
            "license": [
                "GPL-3.0-or-later"
            ],
            "authors": [
                {
                    "name": "JamesRezo",
                    "email": "james@rezo.net"
                }
            ],
            "time": "2018-05-02T14:01:55+00:00"
        }
    ],
    "packages-dev": [],
    "aliases": [],
    "minimum-stability": "dev",
    "stability-flags": {
        "spip/cms": 20
    },
    "prefer-stable": false,
    "prefer-lowest": false,
    "platform": {
        "php": "^5.4|^7"
    },
    "platform-dev": [],
    "platform-overrides": {
        "php": "5.4.45"
    }
}
